
Microsoft Visual Studio Solution File, Format Version 12.00
Project("{FAE04EC0-301F-11D3-BF4B-00C04F79EFBC}") = "ExpressiveAsserts", "ExpressiveAsserts\ExpressiveAsserts.csproj", "{0877FA25-3D95-4949-961E-31DD3A2D84B3}"
EndProject
Project("{FAE04EC0-301F-11D3-BF4B-00C04F79EFBC}") = "ExpressiveAsserts.Tests", "ExpressiveAsserts.Tests\ExpressiveAsserts.Tests.csproj", "{55A499C8-E75D-4D1A-8352-FF5153B3CD28}"
EndProject
Global
	GlobalSection(SolutionConfigurationPlatforms) = preSolution
		Debug|Any CPU = Debug|Any CPU
		Release|Any CPU = Release|Any CPU
	EndGlobalSection
	GlobalSection(ProjectConfigurationPlatforms) = postSolution
		{0877FA25-3D95-4949-961E-31DD3A2D84B3}.Debug|Any CPU.ActiveCfg = Debug|Any CPU
		{0877FA25-3D95-4949-961E-31DD3A2D84B3}.Debug|Any CPU.Build.0 = Debug|Any CPU
		{0877FA25-3D95-4949-961E-31DD3A2D84B3}.Release|Any CPU.ActiveCfg = Release|Any CPU
		{0877FA25-3D95-4949-961E-31DD3A2D84B3}.Release|Any CPU.Build.0 = Release|Any CPU
		{55A499C8-E75D-4D1A-8352-FF5153B3CD28}.Debug|Any CPU.ActiveCfg = Debug|Any CPU
		{55A499C8-E75D-4D1A-8352-FF5153B3CD28}.Debug|Any CPU.Build.0 = Debug|Any CPU
		{55A499C8-E75D-4D1A-8352-FF5153B3CD28}.Release|Any CPU.ActiveCfg = Release|Any CPU
		{55A499C8-E75D-4D1A-8352-FF5153B3CD28}.Release|Any CPU.Build.0 = Release|Any CPU
	EndGlobalSection
EndGlobal
